<?xml version="1.0" encoding="utf-8"?>
<Project ToolsVersion="4.0" xmlns="http://schemas.microsoft.com/developer/msbuild/2003">
  <ItemGroup>
    <Filter Include="Source">
      <UniqueIdentifier>{42d3eae2-e70f-4e9f-81b7-a434cecb85bd}</UniqueIdentifier>
    </Filter>
    <Filter Include="Source\Data">
      <UniqueIdentifier>{6b2bc978-6684-4637-ab7d-aa059cc1db76}</UniqueIdentifier>
    </Filter>
    <Filter Include="Source\Data\Array">
      <UniqueIdentifier>{afb2e0df-ea6e-466d-9b0c-35acf11a6e95}</UniqueIdentifier>
    </Filter>
    <Filter Include="Source\Data\Array\Tree">
      <UniqueIdentifier>{f0a97557-d958-4b76-96ca-3a7abab94ccb}</UniqueIdentifier>
    </Filter>
    <Filter Include="Source\Data\String">
      <UniqueIdentifier>{e1ac7d13-c279-425f-bd69-5d57da2c2e61}</UniqueIdentifier>
    </Filter>
    <Filter Include="Source\Data\Time">
      <UniqueIdentifier>{107d4c21-4b42-4e8d-9da9-c94fd6f5509f}</UniqueIdentifier>
    </Filter>
    <Filter Include="Source\Data\Map">
      <UniqueIdentifier>{081ad5e5-dc91-469d-9ac0-faa9db4c3b8f}</UniqueIdentifier>
    </Filter>
    <Filter Include="Source\File">
      <UniqueIdentifier>{15a52ed0-48f1-4cda-95ea-1e198afe6da6}</UniqueIdentifier>
    </Filter>
    <Filter Include="Source\File\System">
      <UniqueIdentifier>{2bd3b6a3-9373-432e-9bcd-bb600b4cfe0b}</UniqueIdentifier>
    </Filter>
    <Filter Include="Source\Math">
      <UniqueIdentifier>{579b90d3-c2af-49aa-a0dc-9e41100bb3cf}</UniqueIdentifier>
    </Filter>
    <Filter Include="Source\Memory">
      <UniqueIdentifier>{498e30fc-fdcd-412f-b83d-b8d776df645c}</UniqueIdentifier>
    </Filter>
    <Filter Include="Source\Memory\Manager">
      <UniqueIdentifier>{536f77c4-72d5-41e0-96e3-1fdc62e63472}</UniqueIdentifier>
    </Filter>
    <Filter Include="Source\File\Pack">
      <UniqueIdentifier>{4a671ad4-e886-4d83-974e-d9a752add345}</UniqueIdentifier>
    </Filter>
    <Filter Include="Source\File\Chunk">
      <UniqueIdentifier>{3d2b4f47-88cf-40b5-8e30-774ef8a32f21}</UniqueIdentifier>
    </Filter>
    <Filter Include="Source\Data\Tree">
      <UniqueIdentifier>{0a997eac-2375-4e68-9dbf-316388a222c1}</UniqueIdentifier>
    </Filter>
    <Filter Include="Source\File\CSV">
      <UniqueIdentifier>{5c9d020c-6a23-4f38-8d02-7425b9912ff9}</UniqueIdentifier>
    </Filter>
    <Filter Include="Source\Memory\FreeList">
      <UniqueIdentifier>{d8e0b5f5-3d04-4b8a-adea-b9102cc078c9}</UniqueIdentifier>
    </Filter>
    <Filter Include="Source\Memory\Cache">
      <UniqueIdentifier>{052276fa-dd6f-40f9-9b73-3e5300c88e9c}</UniqueIdentifier>
    </Filter>
    <Filter Include="Source\Memory\ScratchPad">
      <UniqueIdentifier>{d8c169e4-1fb3-47a3-9c46-f5be02d8c70e}</UniqueIdentifier>
    </Filter>
    <Filter Include="Source\Memory\Stack">
      <UniqueIdentifier>{5a2c8b49-5fb8-4be9-a2f1-c94f45225269}</UniqueIdentifier>
    </Filter>
    <Filter Include="Source\File\Chunk\File">
      <UniqueIdentifier>{48532850-bf26-4499-8d43-11e009bb52cf}</UniqueIdentifier>
    </Filter>
    <Filter Include="Source\Data\Index">
      <UniqueIdentifier>{9e0b8477-536b-4b80-b717-1660dcf6d09a}</UniqueIdentifier>
    </Filter>
    <Filter Include="Source\File\IO">
      <UniqueIdentifier>{27e203b8-7b92-4e93-9f2f-cbdc59c5c99f}</UniqueIdentifier>
    </Filter>
    <Filter Include="Source\Memory\Allocator">
      <UniqueIdentifier>{c32a2f17-43d1-4528-8c14-b1da112fe835}</UniqueIdentifier>
    </Filter>
    <Filter Include="Source\Data\Array\Sorted">
      <UniqueIdentifier>{2f227715-abeb-4689-9d45-8fa38a6d84d7}</UniqueIdentifier>
    </Filter>
    <Filter Include="Source\Construtor">
      <UniqueIdentifier>{546164f4-50b2-4d8b-a1d6-6219fb5039e9}</UniqueIdentifier>
    </Filter>
    <Filter Include="Source\Data\Geometric">
      <UniqueIdentifier>{69bf5285-37f5-433b-92ae-29c47514319c}</UniqueIdentifier>
    </Filter>
    <Filter Include="Source\Memory\Temporary">
      <UniqueIdentifier>{f7a8393f-19d8-44ac-84b0-41766b30c4c3}</UniqueIdentifier>
    </Filter>
    <Filter Include="Source\Data\List">
      <UniqueIdentifier>{81324991-7985-488a-ad2c-09f43ba48034}</UniqueIdentifier>
    </Filter>
    <Filter Include="Source\Data\Array\Minimal">
      <UniqueIdentifier>{c435b4a6-eb92-474c-b822-3ecdddb6c426}</UniqueIdentifier>
    </Filter>
    <Filter Include="Source\Text">
      <UniqueIdentifier>{cb4beb52-2e9f-4a7e-9966-059b5f77b0fa}</UniqueIdentifier>
    </Filter>
    <Filter Include="Source\Data\List\Minimal">
      <UniqueIdentifier>{b3c55a73-adf4-4cb8-95fe-52d4b5b430af}</UniqueIdentifier>
    </Filter>
    <Filter Include="Source\Data\List\Minimal\Specific">
      <UniqueIdentifier>{dd29202e-ad4c-4547-9581-101803d03b58}</UniqueIdentifier>
    </Filter>
    <Filter Include="Source\Data\Array\Basic">
      <UniqueIdentifier>{eb5ee618-1971-466f-a5d8-c1baf42613fb}</UniqueIdentifier>
    </Filter>
    <Filter Include="Source\Data\Array\Primitive">
      <UniqueIdentifier>{5564e44e-46f1-476c-8a5e-9e02a3f176bf}</UniqueIdentifier>
    </Filter>
    <Filter Include="Source\Data\Array\Basic\Specific">
      <UniqueIdentifier>{0d4cd219-a6fe-4ac5-bbdb-5c9e5600efd5}</UniqueIdentifier>
    </Filter>
    <Filter Include="Source\Data\Array\Bit">
      <UniqueIdentifier>{d9d2368e-e4c6-4128-a8bd-8cf685ce9d14}</UniqueIdentifier>
    </Filter>
    <Filter Include="Source\Data\Array\Embedded">
      <UniqueIdentifier>{54544f2f-36a6-4285-b327-8eb77f822792}</UniqueIdentifier>
    </Filter>
    <Filter Include="Source\Data\Map\String">
      <UniqueIdentifier>{41ea07bd-fab8-4567-82da-4369d44d629a}</UniqueIdentifier>
    </Filter>
    <Filter Include="Source\Data\Map\Primitive">
      <UniqueIdentifier>{75ee2fe2-6f73-4a20-ad84-62e1b62491d2}</UniqueIdentifier>
    </Filter>
    <Filter Include="Source\Data\LinkedList">
      <UniqueIdentifier>{84a720a1-3862-4dc3-b246-4fccae290aa8}</UniqueIdentifier>
    </Filter>
    <Filter Include="Source\Error">
      <UniqueIdentifier>{cde953d0-dca5-4096-a07d-3c1ee2fb9b8f}</UniqueIdentifier>
    </Filter>
  </ItemGroup>
  <ItemGroup>
    <ClCompile Include="TestBaseLib.cpp">
      <Filter>Source</Filter>
    </ClCompile>
    <ClCompile Include="TestSorting.cpp">
      <Filter>Source\Data</Filter>
    </ClCompile>
    <ClCompile Include="TestDenseArrayTemplate.cpp">
      <Filter>Source\Data\Array\Tree</Filter>
    </ClCompile>
    <ClCompile Include="TestSparseArrayTemplate.cpp">
      <Filter>Source\Data\Array\Tree</Filter>
    </ClCompile>
    <ClCompile Include="TestStringHelper.cpp">
      <Filter>Source\Data\String</Filter>
    </ClCompile>
    <ClCompile Include="TestDate.cpp">
      <Filter>Source\Data\Time</Filter>
    </ClCompile>
    <ClCompile Include="TestBufferedFile.cpp">
      <Filter>Source\File</Filter>
    </ClCompile>
    <ClCompile Include="TestDiskFile.cpp">
      <Filter>Source\File</Filter>
    </ClCompile>
    <ClCompile Include="TestFileFinder.cpp">
      <Filter>Source\File</Filter>
    </ClCompile>
    <ClCompile Include="TestFileUtil.cpp">
      <Filter>Source\File</Filter>
    </ClCompile>
    <ClCompile Include="TestMD5File.cpp">
      <Filter>Source\File</Filter>
    </ClCompile>
    <ClCompile Include="TestMemoryFile.cpp">
      <Filter>Source\File</Filter>
    </ClCompile>
    <ClCompile Include="TestChunkFile.cpp">
      <Filter>Source\File\Chunk</Filter>
    </ClCompile>
    <ClCompile Include="TestPackFile.cpp">
      <Filter>Source\File\Pack</Filter>
    </ClCompile>
    <ClCompile Include="TestFileSystem.cpp">
      <Filter>Source\File\System</Filter>
    </ClCompile>
    <ClCompile Include="TestIntegerHelper.cpp">
      <Filter>Source\Math</Filter>
    </ClCompile>
    <ClCompile Include="TestNumbers.cpp">
      <Filter>Source\Math</Filter>
    </ClCompile>
    <ClCompile Include="TestTreeTemplate.cpp">
      <Filter>Source\Data\Tree</Filter>
    </ClCompile>
    <ClCompile Include="TestCSVFileEditable.cpp">
      <Filter>Source\File\CSV</Filter>
    </ClCompile>
    <ClCompile Include="TestFreeList.cpp">
      <Filter>Source\Memory\FreeList</Filter>
    </ClCompile>
    <ClCompile Include="TestMemoryCache.cpp">
      <Filter>Source\Memory\Cache</Filter>
    </ClCompile>
    <ClCompile Include="TestMemoryStack.cpp">
      <Filter>Source\Memory\Stack</Filter>
    </ClCompile>
    <ClCompile Include="TestScratchPad.cpp">
      <Filter>Source\Memory\ScratchPad</Filter>
    </ClCompile>
    <ClCompile Include="TestChunkFileFile.cpp">
      <Filter>Source\File\Chunk\File</Filter>
    </ClCompile>
    <ClCompile Include="TestIndexTreeObject.cpp">
      <Filter>Source\Data\Index</Filter>
    </ClCompile>
    <ClCompile Include="TestFileIO.cpp">
      <Filter>Source\File\IO</Filter>
    </ClCompile>
    <ClCompile Include="FileIOTestObjects.cpp">
      <Filter>Source\File\IO</Filter>
    </ClCompile>
    <ClCompile Include="TestAllocator.cpp">
      <Filter>Source\Memory\Allocator</Filter>
    </ClCompile>
    <ClCompile Include="TestLinkedListAligned.cpp">
      <Filter>Source\Data\LinkedList</Filter>
    </ClCompile>
    <ClCompile Include="TestLinkedListTemplate.cpp">
      <Filter>Source\Data\LinkedList</Filter>
    </ClCompile>
    <ClCompile Include="TestMemoryBlock.cpp">
      <Filter>Source\Memory\Allocator</Filter>
    </ClCompile>
    <ClCompile Include="TestArrayBlockSorted.cpp">
      <Filter>Source\Data\Array\Sorted</Filter>
    </ClCompile>
    <ClCompile Include="TestMapBlock.cpp">
      <Filter>Source\Data\Map</Filter>
    </ClCompile>
    <ClCompile Include="SortedTestObject.cpp">
      <Filter>Source\Data\Array\Sorted</Filter>
    </ClCompile>
    <ClCompile Include="TestConstructors.cpp">
      <Filter>Source\Construtor</Filter>
    </ClCompile>
    <ClCompile Include="TestMemoryAllocator.cpp">
      <Filter>Source\Memory\Manager</Filter>
    </ClCompile>
    <ClCompile Include="TestScratchPadAllocator.cpp">
      <Filter>Source\Memory\ScratchPad</Filter>
    </ClCompile>
    <ClCompile Include="TestFreeListAllocator.cpp">
      <Filter>Source\Memory\FreeList</Filter>
    </ClCompile>
    <ClCompile Include="TestMapPtr.cpp">
      <Filter>Source\Data\Map</Filter>
    </ClCompile>
    <ClCompile Include="TestTrackingAllocator.cpp">
      <Filter>Source\Memory\Manager</Filter>
    </ClCompile>
    <ClCompile Include="TestFloat4.cpp">
      <Filter>Source\Data\Geometric</Filter>
    </ClCompile>
    <ClCompile Include="TestTemporaryMemory.cpp">
      <Filter>Source\Memory\Temporary</Filter>
    </ClCompile>
    <ClCompile Include="TestIndexTreeNodeMemory.cpp">
      <Filter>Source\Data\Index</Filter>
    </ClCompile>
    <ClCompile Include="TestPrimitiveTypes.cpp">
      <Filter>Source\Data</Filter>
    </ClCompile>
    <ClCompile Include="TestChars.cpp">
      <Filter>Source\Data\String</Filter>
    </ClCompile>
    <ClCompile Include="TestListBlock.cpp">
      <Filter>Source\Data\List</Filter>
    </ClCompile>
    <ClCompile Include="TestListTemplate.cpp">
      <Filter>Source\Data\List</Filter>
    </ClCompile>
    <ClCompile Include="TestIndexTreeIterator.cpp">
      <Filter>Source\Data\Index</Filter>
    </ClCompile>
    <ClCompile Include="TestMap.cpp">
      <Filter>Source\Data\Map</Filter>
    </ClCompile>
    <ClCompile Include="TestArrayTemplateMinimal.cpp">
      <Filter>Source\Data\Array\Minimal</Filter>
    </ClCompile>
    <ClCompile Include="TestTextParser.cpp">
      <Filter>Source\Text</Filter>
    </ClCompile>
    <ClCompile Include="TestListCharsMinimal.cpp">
      <Filter>Source\Data\List\Minimal\Specific</Filter>
    </ClCompile>
    <ClCompile Include="TestCSVFileImmutable.cpp">
      <Filter>Source\File\CSV</Filter>
    </ClCompile>
    <ClCompile Include="TestStackMemory.cpp">
      <Filter>Source\Memory\Temporary</Filter>
    </ClCompile>
    <ClCompile Include="TestListVariable.cpp">
      <Filter>Source\Data\List</Filter>
    </ClCompile>
    <ClCompile Include="TestGeneralMemory.cpp">
      <Filter>Source\Memory\Manager</Filter>
    </ClCompile>
    <ClCompile Include="TestDataMemory.cpp">
      <Filter>Source\Memory\Manager</Filter>
    </ClCompile>
    <ClCompile Include="TestConstructorCall.cpp">
      <Filter>Source\Construtor</Filter>
    </ClCompile>
    <ClCompile Include="ConstructorsTestClasses.cpp">
      <Filter>Source\Construtor</Filter>
    </ClCompile>
    <ClCompile Include="ConstructorCallTestClasses.cpp">
      <Filter>Source\Construtor</Filter>
    </ClCompile>
    <ClCompile Include="ArrayTemplateTestClasses.cpp">
      <Filter>Source\Data\Array</Filter>
    </ClCompile>
    <ClCompile Include="TestArrayInt.cpp">
      <Filter>Source\Data\Array\Primitive</Filter>
    </ClCompile>
    <ClCompile Include="TestArrayLong.cpp">
      <Filter>Source\Data\Array\Primitive</Filter>
    </ClCompile>
    <ClCompile Include="TestArrayInt2D.cpp">
      <Filter>Source\Data\Array\Basic\Specific</Filter>
    </ClCompile>
    <ClCompile Include="TestArrayTemplatePrimitive.cpp">
      <Filter>Source\Data\Array\Primitive</Filter>
    </ClCompile>
    <ClCompile Include="TestArrayTemplate.cpp">
      <Filter>Source\Data\Array\Basic</Filter>
    </ClCompile>
    <ClCompile Include="TestArrayVoidPtr.cpp">
      <Filter>Source\Data\Array\Basic\Specific</Filter>
    </ClCompile>
    <ClCompile Include="TestArrayBit.cpp">
      <Filter>Source\Data\Array\Bit</Filter>
    </ClCompile>
    <ClCompile Include="TestArrayTemplateEmbedded.cpp">
      <Filter>Source\Data\Array\Embedded</Filter>
    </ClCompile>
    <ClCompile Include="TestArraySizer.cpp">
      <Filter>Source\Data\Array</Filter>
    </ClCompile>
    <ClCompile Include="TestCountingAllocator.cpp">
      <Filter>Source\Memory\Manager</Filter>
    </ClCompile>
    <ClCompile Include="TestMapString.cpp">
      <Filter>Source\Data\Map\String</Filter>
    </ClCompile>
    <ClCompile Include="TestMapInt.cpp">
      <Filter>Source\Data\Map\Primitive</Filter>
    </ClCompile>
    <ClCompile Include="TestMapLong.cpp">
      <Filter>Source\Data\Map\Primitive</Filter>
    </ClCompile>
    <ClCompile Include="TestLinkedList.cpp">
      <Filter>Source\Data\LinkedList</Filter>
    </ClCompile>
    <ClCompile Include="TestLinkedListBlock.cpp">
      <Filter>Source\Data\LinkedList</Filter>
    </ClCompile>
    <ClCompile Include="TestIndexTreeMemory.cpp">
      <Filter>Source\Data\Index</Filter>
    </ClCompile>
    <ClCompile Include="TestIndexTreeDataOrderer.cpp">
      <Filter>Source\Data\Index</Filter>
    </ClCompile>
    <ClCompile Include="TestCharsHelper.cpp">
      <Filter>Source\Data\String</Filter>
    </ClCompile>
    <ClCompile Include="TestIndexTreeConfig.cpp">
      <Filter>Source\Data\Index</Filter>
    </ClCompile>
    <ClCompile Include="TestMemoryQueue.cpp">
      <Filter>Source\Memory\Cache</Filter>
    </ClCompile>
    <ClCompile Include="TestWindowsFiles.cpp">
      <Filter>Source\File</Filter>
    </ClCompile>
    <ClCompile Include="TestLogger.cpp">
      <Filter>Source\Error</Filter>
    </ClCompile>
  </ItemGroup>
  <ItemGroup>
    <ClInclude Include="TestIndexTreeObject.h">
      <Filter>Source\Data\Index</Filter>
    </ClInclude>
    <ClInclude Include="FileIOTestObjects.h">
      <Filter>Source\File\IO</Filter>
    </ClInclude>
    <ClInclude Include="SortedTestObject.h">
      <Filter>Source\Data\Array\Sorted</Filter>
    </ClInclude>
    <ClInclude Include="TestPackFile.h">
      <Filter>Source\File\Pack</Filter>
    </ClInclude>
    <ClInclude Include="ConstructorsTestClasses.h">
      <Filter>Source\Construtor</Filter>
    </ClInclude>
    <ClInclude Include="ConstructorCallTestClasses.h">
      <Filter>Source\Construtor</Filter>
    </ClInclude>
    <ClInclude Include="ArrayTemplateTestClasses.h">
      <Filter>Source\Data\Array</Filter>
    </ClInclude>
    <ClInclude Include="TestIndexTreeMemory.h">
      <Filter>Source\Data\Index</Filter>
    </ClInclude>
  </ItemGroup>
  <ItemGroup>
    <None Include="Log.txt" />
    <None Include="Test.txt" />
  </ItemGroup>
</Project>