Microsoft Visual Studio Solution File, Format Version 11.00
# Visual Studio 2010
Project("{8BC9CEB8-8B4A-11D0-8D11-00A0C91BC942}") = "SupportLib", "..\..\CommonLibraries\SupportLib\SupportLib.vcxproj", "{221022F1-B103-456A-8F55-721F33F2E26D}"
	ProjectSection(ProjectDependencies) = postProject
		{1F518043-B152-4B9C-9D61-DDD6400420ED} = {1F518043-B152-4B9C-9D61-DDD6400420ED}
		{5918EC20-07C3-485F-80BB-BED4F96EA48F} = {5918EC20-07C3-485F-80BB-BED4F96EA48F}
		{E25D2DAC-0E80-42B2-8FA7-99B837CF7588} = {E25D2DAC-0E80-42B2-8FA7-99B837CF7588}
	EndProjectSection
EndProject
Project("{8BC9CEB8-8B4A-11D0-8D11-00A0C91BC942}") = "StandardLib", "..\..\CommonLibraries\StandardLib\StandardLib.vcxproj", "{2CFA23FA-6565-4744-8B75-9790B21CC0E5}"
	ProjectSection(ProjectDependencies) = postProject
		{E25D2DAC-0E80-42B2-8FA7-99B837CF7588} = {E25D2DAC-0E80-42B2-8FA7-99B837CF7588}
	EndProjectSection
EndProject
Project("{8BC9CEB8-8B4A-11D0-8D11-00A0C91BC942}") = "CoreLib", "..\..\CommonLibraries\CoreLib\CoreLib.vcxproj", "{5918EC20-07C3-485F-80BB-BED4F96EA48F}"
	ProjectSection(ProjectDependencies) = postProject
		{E25D2DAC-0E80-42B2-8FA7-99B837CF7588} = {E25D2DAC-0E80-42B2-8FA7-99B837CF7588}
	EndProjectSection
EndProject
Project("{8BC9CEB8-8B4A-11D0-8D11-00A0C91BC942}") = "TestSupportLib", "TestSupportLib\TestSupportLib.vcxproj", "{9BA313F9-68F2-497D-85A6-39EA5B62003B}"
	ProjectSection(ProjectDependencies) = postProject
		{1F518043-B152-4B9C-9D61-DDD6400420ED} = {1F518043-B152-4B9C-9D61-DDD6400420ED}
	EndProjectSection
EndProject
Project("{8BC9CEB8-8B4A-11D0-8D11-00A0C91BC942}") = "TestLib", "..\..\CommonLibraries\TestLib\TestLib.vcxproj", "{D06D265E-A503-42F8-A93A-A0A1C0B058FF}"
	ProjectSection(ProjectDependencies) = postProject
		{E25D2DAC-0E80-42B2-8FA7-99B837CF7588} = {E25D2DAC-0E80-42B2-8FA7-99B837CF7588}
	EndProjectSection
EndProject
Project("{8BC9CEB8-8B4A-11D0-8D11-00A0C91BC942}") = "BaseLib", "..\..\CommonLibraries\BaseLib\BaseLib.vcxproj", "{E25D2DAC-0E80-42B2-8FA7-99B837CF7588}"
EndProject
Project("{8BC9CEB8-8B4A-11D0-8D11-00A0C91BC942}") = "ImageLib", "..\..\CommonLibraries\ImageLib\ImageLib.vcxproj", "{1F518043-B152-4B9C-9D61-DDD6400420ED}"
EndProject
Global
	GlobalSection(SolutionConfigurationPlatforms) = preSolution
		Debug|Win32 = Debug|Win32
		Release|Win32 = Release|Win32
	EndGlobalSection
	GlobalSection(ProjectConfigurationPlatforms) = postSolution
		{221022F1-B103-456A-8F55-721F33F2E26D}.Debug|Win32.ActiveCfg = Debug|Win32
		{221022F1-B103-456A-8F55-721F33F2E26D}.Debug|Win32.Build.0 = Debug|Win32
		{221022F1-B103-456A-8F55-721F33F2E26D}.Release|Win32.ActiveCfg = Release|Win32
		{221022F1-B103-456A-8F55-721F33F2E26D}.Release|Win32.Build.0 = Release|Win32
		{2CFA23FA-6565-4744-8B75-9790B21CC0E5}.Debug|Win32.ActiveCfg = Debug|Win32
		{2CFA23FA-6565-4744-8B75-9790B21CC0E5}.Debug|Win32.Build.0 = Debug|Win32
		{2CFA23FA-6565-4744-8B75-9790B21CC0E5}.Release|Win32.ActiveCfg = Release|Win32
		{2CFA23FA-6565-4744-8B75-9790B21CC0E5}.Release|Win32.Build.0 = Release|Win32
		{5918EC20-07C3-485F-80BB-BED4F96EA48F}.Debug|Win32.ActiveCfg = Debug|Win32
		{5918EC20-07C3-485F-80BB-BED4F96EA48F}.Debug|Win32.Build.0 = Debug|Win32
		{5918EC20-07C3-485F-80BB-BED4F96EA48F}.Release|Win32.ActiveCfg = Release|Win32
		{5918EC20-07C3-485F-80BB-BED4F96EA48F}.Release|Win32.Build.0 = Release|Win32
		{9BA313F9-68F2-497D-85A6-39EA5B62003B}.Debug|Win32.ActiveCfg = Debug|Win32
		{9BA313F9-68F2-497D-85A6-39EA5B62003B}.Debug|Win32.Build.0 = Debug|Win32
		{9BA313F9-68F2-497D-85A6-39EA5B62003B}.Release|Win32.ActiveCfg = Release|Win32
		{9BA313F9-68F2-497D-85A6-39EA5B62003B}.Release|Win32.Build.0 = Release|Win32
		{D06D265E-A503-42F8-A93A-A0A1C0B058FF}.Debug|Win32.ActiveCfg = Debug|Win32
		{D06D265E-A503-42F8-A93A-A0A1C0B058FF}.Debug|Win32.Build.0 = Debug|Win32
		{D06D265E-A503-42F8-A93A-A0A1C0B058FF}.Release|Win32.ActiveCfg = Release|Win32
		{D06D265E-A503-42F8-A93A-A0A1C0B058FF}.Release|Win32.Build.0 = Release|Win32
		{E25D2DAC-0E80-42B2-8FA7-99B837CF7588}.Debug|Win32.ActiveCfg = Debug|Win32
		{E25D2DAC-0E80-42B2-8FA7-99B837CF7588}.Debug|Win32.Build.0 = Debug|Win32
		{E25D2DAC-0E80-42B2-8FA7-99B837CF7588}.Release|Win32.ActiveCfg = Release|Win32
		{E25D2DAC-0E80-42B2-8FA7-99B837CF7588}.Release|Win32.Build.0 = Release|Win32
		{1F518043-B152-4B9C-9D61-DDD6400420ED}.Debug|Win32.ActiveCfg = Debug|Win32
		{1F518043-B152-4B9C-9D61-DDD6400420ED}.Debug|Win32.Build.0 = Debug|Win32
		{1F518043-B152-4B9C-9D61-DDD6400420ED}.Release|Win32.ActiveCfg = Release|Win32
		{1F518043-B152-4B9C-9D61-DDD6400420ED}.Release|Win32.Build.0 = Release|Win32
	EndGlobalSection
	GlobalSection(SolutionProperties) = preSolution
		HideSolutionNode = FALSE
	EndGlobalSection
EndGlobal
