<?xml version="1.0" encoding="utf-8"?>
<Project ToolsVersion="4.0" xmlns="http://schemas.microsoft.com/developer/msbuild/2003">
  <ItemGroup>
    <Filter Include="Source">
      <UniqueIdentifier>{c647c44a-854c-4242-8fd6-d2db44ae43c1}</UniqueIdentifier>
    </Filter>
    <Filter Include="Source\Data">
      <UniqueIdentifier>{b94ef80c-9353-464b-ac4f-a8be0f1902e5}</UniqueIdentifier>
    </Filter>
    <Filter Include="Source\Data\Array">
      <UniqueIdentifier>{fd743969-61fc-4f59-8519-e0498d17bf6f}</UniqueIdentifier>
    </Filter>
    <Filter Include="Source\Data\Array\Basic">
      <UniqueIdentifier>{3f591bfe-5c6a-4509-941f-c90248c25111}</UniqueIdentifier>
    </Filter>
    <Filter Include="Source\Thread">
      <UniqueIdentifier>{5351bd9d-09f4-4df7-b2cc-0b64747995c6}</UniqueIdentifier>
    </Filter>
  </ItemGroup>
  <ItemGroup>
    <ClCompile Include="TestThreadLib.cpp">
      <Filter>Source</Filter>
    </ClCompile>
    <ClCompile Include="TestSafeArrayBlock.cpp">
      <Filter>Source\Data\Array\Basic</Filter>
    </ClCompile>
    <ClCompile Include="TestReferences.cpp">
      <Filter>Source</Filter>
    </ClCompile>
    <ClCompile Include="VitaliyVitsentiyExample.cpp">
      <Filter>Source\Thread</Filter>
    </ClCompile>
    <ClCompile Include="TestThread.cpp">
      <Filter>Source\Thread</Filter>
    </ClCompile>
    <ClCompile Include="TestVitsenityThreadPool.cpp">
      <Filter>Source\Thread</Filter>
    </ClCompile>
  </ItemGroup>
  <ItemGroup>
    <ClInclude Include="Producer.h">
      <Filter>Source\Thread</Filter>
    </ClInclude>
    <ClInclude Include="Consumer.h">
      <Filter>Source\Thread</Filter>
    </ClInclude>
  </ItemGroup>
</Project>