<?xml version="1.0" encoding="utf-8"?>
<Project ToolsVersion="4.0" xmlns="http://schemas.microsoft.com/developer/msbuild/2003">
  <ItemGroup>
    <Filter Include="Source">
      <UniqueIdentifier>{da1a14f7-1ec8-432b-9ce3-efb29ce8c400}</UniqueIdentifier>
    </Filter>
    <Filter Include="Source\File">
      <UniqueIdentifier>{1aed9247-84de-40a0-9b09-766f117e7b11}</UniqueIdentifier>
    </Filter>
    <Filter Include="Source\File\Indexed">
      <UniqueIdentifier>{54bb5c7a-9a10-419f-ad67-27920e26a5fe}</UniqueIdentifier>
    </Filter>
    <Filter Include="Source\File\Durable">
      <UniqueIdentifier>{73270a9f-ceb5-47ee-bf89-cb589fa8323b}</UniqueIdentifier>
    </Filter>
    <Filter Include="Source\File\XML">
      <UniqueIdentifier>{72ca532d-bd99-4f61-acfb-b87bd33a0aa3}</UniqueIdentifier>
    </Filter>
    <Filter Include="Source\Function">
      <UniqueIdentifier>{c794489d-44ec-4e21-bb07-0e532537e877}</UniqueIdentifier>
    </Filter>
    <Filter Include="Source\Math">
      <UniqueIdentifier>{5f55bc52-0653-4429-bf22-26e3cd55ccba}</UniqueIdentifier>
    </Filter>
    <Filter Include="Source\Memory">
      <UniqueIdentifier>{2bd1d6b0-cc0e-4e04-a474-6464ca245fec}</UniqueIdentifier>
    </Filter>
    <Filter Include="Source\Script">
      <UniqueIdentifier>{bc57d699-f6cb-4d12-bcb3-0215b841409e}</UniqueIdentifier>
    </Filter>
    <Filter Include="Source\Text">
      <UniqueIdentifier>{c8c22efd-cccb-4f35-b47f-7c27b17eca0a}</UniqueIdentifier>
    </Filter>
    <Filter Include="Source\File\Files">
      <UniqueIdentifier>{bd81b3ff-2b4a-4ba4-97fb-d1d64129c154}</UniqueIdentifier>
    </Filter>
    <Filter Include="Source\File\Log">
      <UniqueIdentifier>{a1c6c4b3-af17-46af-b893-e26bf8ffb45f}</UniqueIdentifier>
    </Filter>
    <Filter Include="Source\File\Properties">
      <UniqueIdentifier>{b1fc7489-6b26-48f0-8339-35db8cd71235}</UniqueIdentifier>
    </Filter>
    <Filter Include="Source\File\Indexed\Index">
      <UniqueIdentifier>{38b1bd3a-d2a1-4b28-b6ad-40b77c5eebc4}</UniqueIdentifier>
    </Filter>
    <Filter Include="Source\File\Indexed\Data">
      <UniqueIdentifier>{a19d5601-6062-4edc-8b66-06492247b89e}</UniqueIdentifier>
    </Filter>
    <Filter Include="Source\File\Indexed\Index\Access">
      <UniqueIdentifier>{cebbb15c-4c6b-411f-964c-01d19063e8b0}</UniqueIdentifier>
    </Filter>
    <Filter Include="Source\File\Indexed\Index\Evicting">
      <UniqueIdentifier>{b6091621-d2d2-4478-824b-42c9c5c04a7b}</UniqueIdentifier>
    </Filter>
    <Filter Include="Source\File\Indexed\Cache">
      <UniqueIdentifier>{7e26f353-db33-4d82-aaf3-a30a528aedea}</UniqueIdentifier>
    </Filter>
    <Filter Include="Source\File\Indexed\Named">
      <UniqueIdentifier>{b6fba6c0-b21c-4582-9e3b-0fff5b46d58e}</UniqueIdentifier>
    </Filter>
    <Filter Include="Source\File\Indexed\Index\DataOrderer">
      <UniqueIdentifier>{fdd1e6a8-4b7d-4361-be11-8a352dc87d56}</UniqueIdentifier>
    </Filter>
    <Filter Include="Source\File\Indexed\Index\Diagnostic">
      <UniqueIdentifier>{d84d5a8b-05b6-4b6b-8a65-c8eb0ac903b5}</UniqueIdentifier>
    </Filter>
    <Filter Include="Source\Database">
      <UniqueIdentifier>{e688fdf5-a5e8-4326-9b66-050afb9f34c2}</UniqueIdentifier>
    </Filter>
    <Filter Include="Source\File\Indexed\Sequence">
      <UniqueIdentifier>{e11fed26-2343-4c4c-ba2e-1760e53f7ddf}</UniqueIdentifier>
    </Filter>
    <Filter Include="Source\Text\Calculator">
      <UniqueIdentifier>{2194bd06-1f6e-43f6-baae-085a5a72416f}</UniqueIdentifier>
    </Filter>
    <Filter Include="Source\FileSystem">
      <UniqueIdentifier>{3ad80492-6538-43ad-a489-b23a360a7c5f}</UniqueIdentifier>
    </Filter>
    <Filter Include="Source\FileSystem\Fat32">
      <UniqueIdentifier>{e738b858-80d7-442a-9a6b-005797943ad4}</UniqueIdentifier>
    </Filter>
  </ItemGroup>
  <ItemGroup>
    <ClCompile Include="TestCoreLib.cpp">
      <Filter>Source</Filter>
    </ClCompile>
    <ClCompile Include="TestIndexedData.cpp">
      <Filter>Source\File\Indexed</Filter>
    </ClCompile>
    <ClCompile Include="TestDurableFile.cpp">
      <Filter>Source\File\Durable</Filter>
    </ClCompile>
    <ClCompile Include="TestDurableFileController.cpp">
      <Filter>Source\File\Durable</Filter>
    </ClCompile>
    <ClCompile Include="TestDurableSet.cpp">
      <Filter>Source\File\Durable</Filter>
    </ClCompile>
    <ClCompile Include="TestXMLFile.cpp">
      <Filter>Source\File\XML</Filter>
    </ClCompile>
    <ClCompile Include="TestFunctionCaller.cpp">
      <Filter>Source\Function</Filter>
    </ClCompile>
    <ClCompile Include="TestFloatHelper.cpp">
      <Filter>Source\Math</Filter>
    </ClCompile>
    <ClCompile Include="TestIntegerHelper.cpp">
      <Filter>Source\Math</Filter>
    </ClCompile>
    <ClCompile Include="TestNumber.cpp">
      <Filter>Source\Math</Filter>
    </ClCompile>
    <ClCompile Include="TestFastFunctions.cpp">
      <Filter>Source\Memory</Filter>
    </ClCompile>
    <ClCompile Include="TestOperators.cpp">
      <Filter>Source\Script</Filter>
    </ClCompile>
    <ClCompile Include="TestXMLParser.cpp">
      <Filter>Source\Text</Filter>
    </ClCompile>
    <ClCompile Include="TestFiles.cpp">
      <Filter>Source\File\Files</Filter>
    </ClCompile>
    <ClCompile Include="TestLogFile.cpp">
      <Filter>Source\File\Log</Filter>
    </ClCompile>
    <ClCompile Include="TestPackFilesPacker.cpp">
      <Filter>Source\File\Files</Filter>
    </ClCompile>
    <ClCompile Include="TestPropertiesFile.cpp">
      <Filter>Source\File\Properties</Filter>
    </ClCompile>
    <ClCompile Include="TestIndexedFiles.cpp">
      <Filter>Source\File\Indexed\Data</Filter>
    </ClCompile>
    <ClCompile Include="TestIndexTreeNodeFile.cpp">
      <Filter>Source\File\Indexed\Index</Filter>
    </ClCompile>
    <ClCompile Include="TestIndexTreeObject.cpp">
      <Filter>Source\File\Indexed\Index</Filter>
    </ClCompile>
    <ClCompile Include="TestIndexTreeWriter.cpp">
      <Filter>Source\File\Indexed\Index</Filter>
    </ClCompile>
    <ClCompile Include="TestIndexTreeMemory.cpp">
      <Filter>Source\File\Indexed\Index</Filter>
    </ClCompile>
    <ClCompile Include="TestIndexTreeFile.cpp">
      <Filter>Source\File\Indexed\Index</Filter>
    </ClCompile>
    <ClCompile Include="TestIndexTreeAccess.cpp">
      <Filter>Source\File\Indexed\Index\Access</Filter>
    </ClCompile>
    <ClCompile Include="TestIndexTemplateFile.cpp">
      <Filter>Source\File\Indexed\Index</Filter>
    </ClCompile>
    <ClCompile Include="TestIndexTreeEvicting.cpp">
      <Filter>Source\File\Indexed\Index\Evicting</Filter>
    </ClCompile>
    <ClCompile Include="TestIndexedFilesCache.cpp">
      <Filter>Source\File\Indexed\Cache</Filter>
    </ClCompile>
    <ClCompile Include="TestIndexedFile.cpp">
      <Filter>Source\File\Indexed\Data</Filter>
    </ClCompile>
    <ClCompile Include="TestIndexTreeFileCallback.cpp">
      <Filter>Source\File\Indexed\Index</Filter>
    </ClCompile>
    <ClCompile Include="IndexTreeCallbackTestObject.cpp">
      <Filter>Source\File\Indexed\Index</Filter>
    </ClCompile>
    <ClCompile Include="TestNamedIndexes.cpp">
      <Filter>Source\File\Indexed\Named</Filter>
    </ClCompile>
    <ClCompile Include="TestNamedIndexedData.cpp">
      <Filter>Source\File\Indexed\Named</Filter>
    </ClCompile>
    <ClCompile Include="NamedIndexedDataObject.cpp">
      <Filter>Source\File\Indexed\Named</Filter>
    </ClCompile>
    <ClCompile Include="TestIndexTreeFileDataOrderer.cpp">
      <Filter>Source\File\Indexed\Index\DataOrderer</Filter>
    </ClCompile>
    <ClCompile Include="TestIndexTreeFileIterator.cpp">
      <Filter>Source\File\Indexed\Index</Filter>
    </ClCompile>
    <ClCompile Include="IndexTreeFileDataTestCallback.cpp">
      <Filter>Source\File\Indexed\Index</Filter>
    </ClCompile>
    <ClCompile Include="TestIndexTreeEvictingDiagnosticCallback.cpp">
      <Filter>Source\File\Indexed\Index\Diagnostic</Filter>
    </ClCompile>
    <ClCompile Include="TestCodabase.cpp">
      <Filter>Source\Database</Filter>
    </ClCompile>
    <ClCompile Include="TestSequence.cpp">
      <Filter>Source\File\Indexed\Sequence</Filter>
    </ClCompile>
    <ClCompile Include="TestCalculator.cpp">
      <Filter>Source\Text\Calculator</Filter>
    </ClCompile>
    <ClCompile Include="TestFloatPrinter.cpp">
      <Filter>Source\Math</Filter>
    </ClCompile>
    <ClCompile Include="TestFat32.cpp">
      <Filter>Source\FileSystem\Fat32</Filter>
    </ClCompile>
  </ItemGroup>
  <ItemGroup>
    <ClInclude Include="TestXMLFile.h">
      <Filter>Source\File\XML</Filter>
    </ClInclude>
    <ClInclude Include="TestFunctionCaller.h">
      <Filter>Source\Function</Filter>
    </ClInclude>
    <ClInclude Include="TestIndexTreeObject.h">
      <Filter>Source\File\Indexed\Index</Filter>
    </ClInclude>
    <ClInclude Include="IndexTreeCallbackTestObject.h">
      <Filter>Source\File\Indexed\Index</Filter>
    </ClInclude>
    <ClInclude Include="NamedIndexedDataObject.h">
      <Filter>Source\File\Indexed\Named</Filter>
    </ClInclude>
    <ClInclude Include="TestIndexTreeFile.h">
      <Filter>Source\File\Indexed\Index</Filter>
    </ClInclude>
    <ClInclude Include="TestIndexTreeEvicting.h">
      <Filter>Source\File\Indexed\Index\Evicting</Filter>
    </ClInclude>
    <ClInclude Include="IndexTreeFileDataTestCallback.h">
      <Filter>Source\File\Indexed\Index</Filter>
    </ClInclude>
  </ItemGroup>
  <ItemGroup>
    <None Include="External.xml">
      <Filter>Source\File\XML</Filter>
    </None>
    <None Include="File.xml">
      <Filter>Source\File\XML</Filter>
    </None>
    <None Include="First.xml">
      <Filter>Source\File\XML</Filter>
    </None>
    <None Include="Second.xml">
      <Filter>Source\File\XML</Filter>
    </None>
    <None Include="Third.xml">
      <Filter>Source\File\XML</Filter>
    </None>
    <None Include="Log.txt" />
  </ItemGroup>
</Project>